
Microsoft Visual Studio Solution File, Format Version 12.00
# Visual Studio 2013
VisualStudioVersion = 12.0.30110.0
MinimumVisualStudioVersion = 10.0.40219.1
Project("{FAE04EC0-301F-11D3-BF4B-00C04F79EFBC}") = "YoutubeExtractor", "YoutubeExtractor\YoutubeExtractor.csproj", "{ECDC127F-8DEF-4F99-8300-72C13597339D}"
EndProject
Project("{FAE04EC0-301F-11D3-BF4B-00C04F79EFBC}") = "ExampleApplication", "ExampleApplication\ExampleApplication.csproj", "{B894B26A-A518-4366-B31C-D90489A0F138}"
EndProject
Project("{2150E333-8FDC-42A3-9474-1A3956D46DE8}") = "Solution Items", "Solution Items", "{973CC298-FE75-4C3B-AD87-43E1A97197FE}"
	ProjectSection(SolutionItems) = preProject
		..\Changelog.txt = ..\Changelog.txt
	EndProjectSection
EndProject
Project("{FAE04EC0-301F-11D3-BF4B-00C04F79EFBC}") = "YoutubeExtractor_Portable", "YoutubeExtractor\YoutubeExtractor_Portable.csproj", "{1BB4CF4D-3617-4A23-B51A-DA7711E6F8EB}"
EndProject
Project("{FAE04EC0-301F-11D3-BF4B-00C04F79EFBC}") = "ExampleApplication.Portable", "ExampleApplication.Portable\ExampleApplication.Portable.csproj", "{D71C979F-7F55-4AD3-854C-7F1FFF35B4F0}"
	ProjectSection(ProjectDependencies) = postProject
		{1BB4CF4D-3617-4A23-B51A-DA7711E6F8EB} = {1BB4CF4D-3617-4A23-B51A-DA7711E6F8EB}
	EndProjectSection
EndProject
Global
	GlobalSection(CodealikeProperties) = postSolution
		SolutionGuid = 09b3acc1-9c76-4060-a18f-5b5f253925cc
	EndGlobalSection
	GlobalSection(SolutionConfigurationPlatforms) = preSolution
		Debug|Any CPU = Debug|Any CPU
		Release|Any CPU = Release|Any CPU
	EndGlobalSection
	GlobalSection(ProjectConfigurationPlatforms) = postSolution
		{ECDC127F-8DEF-4F99-8300-72C13597339D}.Debug|Any CPU.ActiveCfg = Debug|Any CPU
		{ECDC127F-8DEF-4F99-8300-72C13597339D}.Debug|Any CPU.Build.0 = Debug|Any CPU
		{ECDC127F-8DEF-4F99-8300-72C13597339D}.Release|Any CPU.ActiveCfg = Release|Any CPU
		{ECDC127F-8DEF-4F99-8300-72C13597339D}.Release|Any CPU.Build.0 = Release|Any CPU
		{B894B26A-A518-4366-B31C-D90489A0F138}.Debug|Any CPU.ActiveCfg = Debug|Any CPU
		{B894B26A-A518-4366-B31C-D90489A0F138}.Debug|Any CPU.Build.0 = Debug|Any CPU
		{B894B26A-A518-4366-B31C-D90489A0F138}.Release|Any CPU.ActiveCfg = Release|Any CPU
		{B894B26A-A518-4366-B31C-D90489A0F138}.Release|Any CPU.Build.0 = Release|Any CPU
		{B894B26A-A518-4366-B31C-D90489A0F138}.Release|Any CPU.Deploy.0 = Release|Any CPU
		{1BB4CF4D-3617-4A23-B51A-DA7711E6F8EB}.Debug|Any CPU.ActiveCfg = Debug|Any CPU
		{1BB4CF4D-3617-4A23-B51A-DA7711E6F8EB}.Debug|Any CPU.Build.0 = Debug|Any CPU
		{1BB4CF4D-3617-4A23-B51A-DA7711E6F8EB}.Release|Any CPU.ActiveCfg = Release|Any CPU
		{1BB4CF4D-3617-4A23-B51A-DA7711E6F8EB}.Release|Any CPU.Build.0 = Release|Any CPU
		{D71C979F-7F55-4AD3-854C-7F1FFF35B4F0}.Debug|Any CPU.ActiveCfg = Debug|Any CPU
		{D71C979F-7F55-4AD3-854C-7F1FFF35B4F0}.Debug|Any CPU.Build.0 = Debug|Any CPU
		{D71C979F-7F55-4AD3-854C-7F1FFF35B4F0}.Release|Any CPU.ActiveCfg = Release|Any CPU
		{D71C979F-7F55-4AD3-854C-7F1FFF35B4F0}.Release|Any CPU.Build.0 = Release|Any CPU
	EndGlobalSection
	GlobalSection(SolutionProperties) = preSolution
		HideSolutionNode = FALSE
	EndGlobalSection
EndGlobal
